
Microsoft Visual Studio Solution File, Format Version 12.00
# Visual Studio Version 17
VisualStudioVersion = 17.0.31903.59
MinimumVisualStudioVersion = 10.0.40219.1
Project("{2150E333-8FDC-42A3-9474-1A3956D46DE8}") = "src", "src", "{827E0CD3-B72D-47B6-A68D-7590B98EB39B}"
EndProject
Project("{FAE04EC0-301F-11D3-BF4B-00C04F79EFBC}") = "Library", "src\Library\Library.csproj", "{91625460-E887-4A06-A2B0-A44EA77741D0}"
EndProject
Project("{FAE04EC0-301F-11D3-BF4B-00C04F79EFBC}") = "Program", "src\Program\Program.csproj", "{00FA416E-23ED-4189-A6D0-7B3AD904346A}"
EndProject
Project("{2150E333-8FDC-42A3-9474-1A3956D46DE8}") = "test", "test", "{0C88DD14-F956-CE84-757C-A364CCF449FC}"
EndProject
Project("{FAE04EC0-301F-11D3-BF4B-00C04F79EFBC}") = "Library.Tests", "test\Library.Tests\Library.Tests.csproj", "{ECB66B26-D915-4D1F-B144-E76DF8B81645}"
EndProject
Global
	GlobalSection(SolutionConfigurationPlatforms) = preSolution
		Debug|Any CPU = Debug|Any CPU
		Debug|x64 = Debug|x64
		Debug|x86 = Debug|x86
		Release|Any CPU = Release|Any CPU
		Release|x64 = Release|x64
		Release|x86 = Release|x86
	EndGlobalSection
	GlobalSection(ProjectConfigurationPlatforms) = postSolution
		{91625460-E887-4A06-A2B0-A44EA77741D0}.Debug|Any CPU.ActiveCfg = Debug|Any CPU
		{91625460-E887-4A06-A2B0-A44EA77741D0}.Debug|Any CPU.Build.0 = Debug|Any CPU
		{91625460-E887-4A06-A2B0-A44EA77741D0}.Debug|x64.ActiveCfg = Debug|Any CPU
		{91625460-E887-4A06-A2B0-A44EA77741D0}.Debug|x64.Build.0 = Debug|Any CPU
		{91625460-E887-4A06-A2B0-A44EA77741D0}.Debug|x86.ActiveCfg = Debug|Any CPU
		{91625460-E887-4A06-A2B0-A44EA77741D0}.Debug|x86.Build.0 = Debug|Any CPU
		{91625460-E887-4A06-A2B0-A44EA77741D0}.Release|Any CPU.ActiveCfg = Release|Any CPU
		{91625460-E887-4A06-A2B0-A44EA77741D0}.Release|Any CPU.Build.0 = Release|Any CPU
		{91625460-E887-4A06-A2B0-A44EA77741D0}.Release|x64.ActiveCfg = Release|Any CPU
		{91625460-E887-4A06-A2B0-A44EA77741D0}.Release|x64.Build.0 = Release|Any CPU
		{91625460-E887-4A06-A2B0-A44EA77741D0}.Release|x86.ActiveCfg = Release|Any CPU
		{91625460-E887-4A06-A2B0-A44EA77741D0}.Release|x86.Build.0 = Release|Any CPU
		{00FA416E-23ED-4189-A6D0-7B3AD904346A}.Debug|Any CPU.ActiveCfg = Debug|Any CPU
		{00FA416E-23ED-4189-A6D0-7B3AD904346A}.Debug|Any CPU.Build.0 = Debug|Any CPU
		{00FA416E-23ED-4189-A6D0-7B3AD904346A}.Debug|x64.ActiveCfg = Debug|Any CPU
		{00FA416E-23ED-4189-A6D0-7B3AD904346A}.Debug|x64.Build.0 = Debug|Any CPU
		{00FA416E-23ED-4189-A6D0-7B3AD904346A}.Debug|x86.ActiveCfg = Debug|Any CPU
		{00FA416E-23ED-4189-A6D0-7B3AD904346A}.Debug|x86.Build.0 = Debug|Any CPU
		{00FA416E-23ED-4189-A6D0-7B3AD904346A}.Release|Any CPU.ActiveCfg = Release|Any CPU
		{00FA416E-23ED-4189-A6D0-7B3AD904346A}.Release|Any CPU.Build.0 = Release|Any CPU
		{00FA416E-23ED-4189-A6D0-7B3AD904346A}.Release|x64.ActiveCfg = Release|Any CPU
		{00FA416E-23ED-4189-A6D0-7B3AD904346A}.Release|x64.Build.0 = Release|Any CPU
		{00FA416E-23ED-4189-A6D0-7B3AD904346A}.Release|x86.ActiveCfg = Release|Any CPU
		{00FA416E-23ED-4189-A6D0-7B3AD904346A}.Release|x86.Build.0 = Release|Any CPU
		{ECB66B26-D915-4D1F-B144-E76DF8B81645}.Debug|Any CPU.ActiveCfg = Debug|Any CPU
		{ECB66B26-D915-4D1F-B144-E76DF8B81645}.Debug|Any CPU.Build.0 = Debug|Any CPU
		{ECB66B26-D915-4D1F-B144-E76DF8B81645}.Debug|x64.ActiveCfg = Debug|Any CPU
		{ECB66B26-D915-4D1F-B144-E76DF8B81645}.Debug|x64.Build.0 = Debug|Any CPU
		{ECB66B26-D915-4D1F-B144-E76DF8B81645}.Debug|x86.ActiveCfg = Debug|Any CPU
		{ECB66B26-D915-4D1F-B144-E76DF8B81645}.Debug|x86.Build.0 = Debug|Any CPU
		{ECB66B26-D915-4D1F-B144-E76DF8B81645}.Release|Any CPU.ActiveCfg = Release|Any CPU
		{ECB66B26-D915-4D1F-B144-E76DF8B81645}.Release|Any CPU.Build.0 = Release|Any CPU
		{ECB66B26-D915-4D1F-B144-E76DF8B81645}.Release|x64.ActiveCfg = Release|Any CPU
		{ECB66B26-D915-4D1F-B144-E76DF8B81645}.Release|x64.Build.0 = Release|Any CPU
		{ECB66B26-D915-4D1F-B144-E76DF8B81645}.Release|x86.ActiveCfg = Release|Any CPU
		{ECB66B26-D915-4D1F-B144-E76DF8B81645}.Release|x86.Build.0 = Release|Any CPU
	EndGlobalSection
	GlobalSection(SolutionProperties) = preSolution
		HideSolutionNode = FALSE
	EndGlobalSection
	GlobalSection(NestedProjects) = preSolution
		{91625460-E887-4A06-A2B0-A44EA77741D0} = {827E0CD3-B72D-47B6-A68D-7590B98EB39B}
		{00FA416E-23ED-4189-A6D0-7B3AD904346A} = {827E0CD3-B72D-47B6-A68D-7590B98EB39B}
		{ECB66B26-D915-4D1F-B144-E76DF8B81645} = {0C88DD14-F956-CE84-757C-A364CCF449FC}
	EndGlobalSection
EndGlobal
